{
  "name": "astrbot_plugin_tmemory",
  "lockfileVersion": 3,
  "requires": true,
  "packages": {
    "": {
      "dependencies": {
        "shellward": "^0.5.16"
      }
    },
    "node_modules/shellward": {
      "version": "0.5.16",
      "resolved": "https://registry.npmjs.org/shellward/-/shellward-0.5.16.tgz",
      "integrity": "sha512-SVg8eDqQiScdhzYO+hkUOre/pITR+6LS8z84H1ac/JpFicPLlfUrDsDdB+J2PVWPKdNjj6W0DH+yUp26qxagZw==",
      "license": "Apache-2.0",
      "bin": {
        "shellward": "dist/mcp-server.js",
        "shellward-mcp": "dist/mcp-server.js"
      },
      "engines": {
        "node": ">=18"
      }
    }
  }
}
